
Microsoft Visual Studio Solution File, Format Version 12.00
# Visual Studio Version 16
VisualStudioVersion = 16.0.31005.135
MinimumVisualStudioVersion = 10.0.40219.1
Project("{FAE04EC0-301F-11D3-BF4B-00C04F79EFBC}") = "crypta1", "crypta1\crypta1.csproj", "{C733EC61-779C-422C-8922-8FFC2FBC3BFC}"
EndProject
Global
	GlobalSection(SolutionConfigurationPlatforms) = preSolution
		Debug|Any CPU = Debug|Any CPU
		Release|Any CPU = Release|Any CPU
	EndGlobalSection
	GlobalSection(ProjectConfigurationPlatforms) = postSolution
		{C733EC61-779C-422C-8922-8FFC2FBC3BFC}.Debug|Any CPU.ActiveCfg = Debug|Any CPU
		{C733EC61-779C-422C-8922-8FFC2FBC3BFC}.Debug|Any CPU.Build.0 = Debug|Any CPU
		{C733EC61-779C-422C-8922-8FFC2FBC3BFC}.Release|Any CPU.ActiveCfg = Release|Any CPU
		{C733EC61-779C-422C-8922-8FFC2FBC3BFC}.Release|Any CPU.Build.0 = Release|Any CPU
	EndGlobalSection
	GlobalSection(SolutionProperties) = preSolution
		HideSolutionNode = FALSE
	EndGlobalSection
	GlobalSection(ExtensibilityGlobals) = postSolution
		SolutionGuid = {F6A7DB45-F2E5-49F2-B994-61B638A47415}
	EndGlobalSection
EndGlobal
